
Microsoft Visual Studio Solution File, Format Version 12.00
# Visual Studio Version 16
VisualStudioVersion = 16.0.29409.12
MinimumVisualStudioVersion = 10.0.40219.1
Project("{FAE04EC0-301F-11D3-BF4B-00C04F79EFBC}") = "Model.Infraestrutura", "Model.Infraestrutura\Model.Infraestrutura.csproj", "{98F9E715-7FEA-4463-A893-10882DEBA900}"
EndProject
Project("{FAE04EC0-301F-11D3-BF4B-00C04F79EFBC}") = "LogicaNegocio", "LogicaNegocio\LogicaNegocio.csproj", "{12587A97-7B62-4B66-9230-46DF4DAAF877}"
EndProject
Project("{FAE04EC0-301F-11D3-BF4B-00C04F79EFBC}") = "Site", "Site\Site.csproj", "{2E90CA22-C1BF-4F31-8CCA-33F97E5BC91F}"
EndProject
Project("{FAE04EC0-301F-11D3-BF4B-00C04F79EFBC}") = "Model.Entidades", "Model.Entidades\Model.Entidades.csproj", "{73964494-F4C0-4F4A-B372-396B4FBB2287}"
EndProject
Global
	GlobalSection(SolutionConfigurationPlatforms) = preSolution
		Debug|Any CPU = Debug|Any CPU
		Release|Any CPU = Release|Any CPU
	EndGlobalSection
	GlobalSection(ProjectConfigurationPlatforms) = postSolution
		{98F9E715-7FEA-4463-A893-10882DEBA900}.Debug|Any CPU.ActiveCfg = Debug|Any CPU
		{98F9E715-7FEA-4463-A893-10882DEBA900}.Debug|Any CPU.Build.0 = Debug|Any CPU
		{98F9E715-7FEA-4463-A893-10882DEBA900}.Release|Any CPU.ActiveCfg = Release|Any CPU
		{98F9E715-7FEA-4463-A893-10882DEBA900}.Release|Any CPU.Build.0 = Release|Any CPU
		{12587A97-7B62-4B66-9230-46DF4DAAF877}.Debug|Any CPU.ActiveCfg = Debug|Any CPU
		{12587A97-7B62-4B66-9230-46DF4DAAF877}.Debug|Any CPU.Build.0 = Debug|Any CPU
		{12587A97-7B62-4B66-9230-46DF4DAAF877}.Release|Any CPU.ActiveCfg = Release|Any CPU
		{12587A97-7B62-4B66-9230-46DF4DAAF877}.Release|Any CPU.Build.0 = Release|Any CPU
		{2E90CA22-C1BF-4F31-8CCA-33F97E5BC91F}.Debug|Any CPU.ActiveCfg = Debug|Any CPU
		{2E90CA22-C1BF-4F31-8CCA-33F97E5BC91F}.Debug|Any CPU.Build.0 = Debug|Any CPU
		{2E90CA22-C1BF-4F31-8CCA-33F97E5BC91F}.Release|Any CPU.ActiveCfg = Release|Any CPU
		{2E90CA22-C1BF-4F31-8CCA-33F97E5BC91F}.Release|Any CPU.Build.0 = Release|Any CPU
		{73964494-F4C0-4F4A-B372-396B4FBB2287}.Debug|Any CPU.ActiveCfg = Debug|Any CPU
		{73964494-F4C0-4F4A-B372-396B4FBB2287}.Debug|Any CPU.Build.0 = Debug|Any CPU
		{73964494-F4C0-4F4A-B372-396B4FBB2287}.Release|Any CPU.ActiveCfg = Release|Any CPU
		{73964494-F4C0-4F4A-B372-396B4FBB2287}.Release|Any CPU.Build.0 = Release|Any CPU
	EndGlobalSection
	GlobalSection(SolutionProperties) = preSolution
		HideSolutionNode = FALSE
	EndGlobalSection
	GlobalSection(ExtensibilityGlobals) = postSolution
		SolutionGuid = {754F9D67-D4D4-4818-B129-5181089E2281}
	EndGlobalSection
EndGlobal
